
Microsoft Visual Studio Solution File, Format Version 12.00
# Visual Studio Version 17
VisualStudioVersion = 17.7.34221.43
MinimumVisualStudioVersion = 10.0.40219.1
Project("{8BC9CEB8-8B4A-11D0-8D11-00A0C91BC942}") = "DebugProtector", "DebugProtector\DebugProtector.vcxproj", "{A152BF80-4636-4D09-AAA8-4B2D3527ACEA}"
EndProject
Project("{8BC9CEB8-8B4A-11D0-8D11-00A0C91BC942}") = "ExampleApplication", "ExampleApplication\ExampleApplication.vcxproj", "{33DCC82A-636F-42AC-86B2-F39178D3045E}"
	ProjectSection(ProjectDependencies) = postProject
		{A152BF80-4636-4D09-AAA8-4B2D3527ACEA} = {A152BF80-4636-4D09-AAA8-4B2D3527ACEA}
	EndProjectSection
EndProject
Global
	GlobalSection(SolutionConfigurationPlatforms) = preSolution
		Debug|x64 = Debug|x64
		Debug|x86 = Debug|x86
		Release|x64 = Release|x64
		Release|x86 = Release|x86
	EndGlobalSection
	GlobalSection(ProjectConfigurationPlatforms) = postSolution
		{A152BF80-4636-4D09-AAA8-4B2D3527ACEA}.Debug|x64.ActiveCfg = Debug|x64
		{A152BF80-4636-4D09-AAA8-4B2D3527ACEA}.Debug|x64.Build.0 = Debug|x64
		{A152BF80-4636-4D09-AAA8-4B2D3527ACEA}.Debug|x86.ActiveCfg = Debug|Win32
		{A152BF80-4636-4D09-AAA8-4B2D3527ACEA}.Debug|x86.Build.0 = Debug|Win32
		{A152BF80-4636-4D09-AAA8-4B2D3527ACEA}.Release|x64.ActiveCfg = Release|x64
		{A152BF80-4636-4D09-AAA8-4B2D3527ACEA}.Release|x64.Build.0 = Release|x64
		{A152BF80-4636-4D09-AAA8-4B2D3527ACEA}.Release|x86.ActiveCfg = Release|Win32
		{A152BF80-4636-4D09-AAA8-4B2D3527ACEA}.Release|x86.Build.0 = Release|Win32
		{33DCC82A-636F-42AC-86B2-F39178D3045E}.Debug|x64.ActiveCfg = Debug|x64
		{33DCC82A-636F-42AC-86B2-F39178D3045E}.Debug|x64.Build.0 = Debug|x64
		{33DCC82A-636F-42AC-86B2-F39178D3045E}.Debug|x86.ActiveCfg = Debug|Win32
		{33DCC82A-636F-42AC-86B2-F39178D3045E}.Debug|x86.Build.0 = Debug|Win32
		{33DCC82A-636F-42AC-86B2-F39178D3045E}.Release|x64.ActiveCfg = Release|x64
		{33DCC82A-636F-42AC-86B2-F39178D3045E}.Release|x64.Build.0 = Release|x64
		{33DCC82A-636F-42AC-86B2-F39178D3045E}.Release|x86.ActiveCfg = Release|Win32
		{33DCC82A-636F-42AC-86B2-F39178D3045E}.Release|x86.Build.0 = Release|Win32
	EndGlobalSection
	GlobalSection(SolutionProperties) = preSolution
		HideSolutionNode = FALSE
	EndGlobalSection
	GlobalSection(ExtensibilityGlobals) = postSolution
		SolutionGuid = {F6F11A0F-7EBF-4C5B-8DE5-7356B63714C0}
	EndGlobalSection
EndGlobal
